// !$*UTF8*$!
{
	archiveVersion = 1;
	classes = {
	};
	objectVersion = 46;
	objects = {

/* Begin PBXBuildFile section */
		40FC9C0C1AE17829000E90DB /* AppDelegate.swift in Sources */ = {isa = PBXBuildFile; fileRef = 40FC9C0B1AE17829000E90DB /* AppDelegate.swift */; };
		40FC9C0E1AE17829000E90DB /* ViewController.swift in Sources */ = {isa = PBXBuildFile; fileRef = 40FC9C0D1AE17829000E90DB /* ViewController.swift */; };
		40FC9C111AE17829000E90DB /* Main.storyboard in Resources */ = {isa = PBXBuildFile; fileRef = 40FC9C0F1AE17829000E90DB /* Main.storyboard */; };
		40FC9C131AE17829000E90DB /* Images.xcassets in Resources */ = {isa = PBXBuildFile; fileRef = 40FC9C121AE17829000E90DB /* Images.xcassets */; };
		40FC9C161AE17829000E90DB /* LaunchScreen.xib in Resources */ = {isa = PBXBuildFile; fileRef = 40FC9C141AE17829000E90DB /* LaunchScreen.xib */; };
		40FC9C221AE1782A000E90DB /* Aiami_GarciaTests.swift in Sources */ = {isa = PBXBuildFile; fileRef = 40FC9C211AE1782A000E90DB /* Aiami_GarciaTests.swift */; };
/* End PBXBuildFile section */

/* Begin PBXContainerItemProxy section */
		40FC9C1C1AE1782A000E90DB /* PBXContainerItemProxy */ = {
			isa = PBXContainerItemProxy;
			containerPortal = 40FC9BFE1AE17829000E90DB /* Project object */;
			proxyType = 1;
			remoteGlobalIDString = 40FC9C051AE17829000E90DB;
			remoteInfo = "Aiami-Garcia";
		};
/* End PBXContainerItemProxy section */

/* Begin PBXFileReference section */
		40FC9C061AE17829000E90DB /* Aiami-Garcia.app */ = {isa = PBXFileReference; explicitFileType = wrapper.application; includeInIndex = 0; path = "Aiami-Garcia.app"; sourceTree = BUILT_PRODUCTS_DIR; };
		40FC9C0A1AE17829000E90DB /* Info.plist */ = {isa = PBXFileReference; lastKnownFileType = text.plist.xml; path = Info.plist; sourceTree = "<group>"; };
		40FC9C0B1AE17829000E90DB /* AppDelegate.swift */ = {isa = PBXFileReference; lastKnownFileType = sourcecode.swift; path = AppDelegate.swift; sourceTree = "<group>"; };
		40FC9C0D1AE17829000E90DB /* ViewController.swift */ = {isa = PBXFileReference; lastKnownFileType = sourcecode.swift; path = ViewController.swift; sourceTree = "<group>"; };
		40FC9C101AE17829000E90DB /* Base */ = {isa = PBXFileReference; lastKnownFileType = file.storyboard; name = Base; path = Base.lproj/Main.storyboard; sourceTree = "<group>"; };
		40FC9C121AE17829000E90DB /* Images.xcassets */ = {isa = PBXFileReference; lastKnownFileType = folder.assetcatalog; path = Images.xcassets; sourceTree = "<group>"; };
		40FC9C151AE17829000E90DB /* Base */ = {isa = PBXFileReference; lastKnownFileType = file.xib; name = Base; path = Base.lproj/LaunchScreen.xib; sourceTree = "<group>"; };
		40FC9C1B1AE1782A000E90DB /* Aiami-GarciaTests.xctest */ = {isa = PBXFileReference; explicitFileType = wrapper.cfbundle; includeInIndex = 0; path = "Aiami-GarciaTests.xctest"; sourceTree = BUILT_PRODUCTS_DIR; };
		40FC9C201AE1782A000E90DB /* Info.plist */ = {isa = PBXFileReference; lastKnownFileType = text.plist.xml; path = Info.plist; sourceTree = "<group>"; };
		40FC9C211AE1782A000E90DB /* Aiami_GarciaTests.swift */ = {isa = PBXFileReference; lastKnownFileType = sourcecode.swift; path = Aiami_GarciaTests.swift; sourceTree = "<group>"; };
/* End PBXFileReference section */

/* Begin PBXFrameworksBuildPhase section */
		40FC9C031AE17829000E90DB /* Frameworks */ = {
			isa = PBXFrameworksBuildPhase;
			buildActionMask = 2147483647;
			files = (
			);
			runOnlyForDeploymentPostprocessing = 0;
		};
		40FC9C181AE1782A000E90DB /* Frameworks */ = {
			isa = PBXFrameworksBuildPhase;
			buildActionMask = 2147483647;
			files = (
			);
			runOnlyForDeploymentPostprocessing = 0;
		};
/* End PBXFrameworksBuildPhase section */

/* Begin PBXGroup section */
		40FC9BFD1AE17829000E90DB = {
			isa = PBXGroup;
			children = (
				40FC9C081AE17829000E90DB /* Aiami-Garcia */,
				40FC9C1E1AE1782A000E90DB /* Aiami-GarciaTests */,
				40FC9C071AE17829000E90DB /* Products */,
			);
			sourceTree = "<group>";
		};
		40FC9C071AE17829000E90DB /* Products */ = {
			isa = PBXGroup;
			children = (
				40FC9C061AE17829000E90DB /* Aiami-Garcia.app */,
				40FC9C1B1AE1782A000E90DB /* Aiami-GarciaTests.xctest */,
			);
			name = Products;
			sourceTree = "<group>";
		};
		40FC9C081AE17829000E90DB /* Aiami-Garcia */ = {
			isa = PBXGroup;
			children = (
				40FC9C0B1AE17829000E90DB /* AppDelegate.swift */,
				40FC9C0D1AE17829000E90DB /* ViewController.swift */,
				40FC9C0F1AE17829000E90DB /* Main.storyboard */,
				40FC9C121AE17829000E90DB /* Images.xcassets */,
				40FC9C141AE17829000E90DB /* LaunchScreen.xib */,
				40FC9C091AE17829000E90DB /* Supporting Files */,
			);
			path = "Aiami-Garcia";
			sourceTree = "<group>";
		};
		40FC9C091AE17829000E90DB /* Supporting Files */ = {
			isa = PBXGroup;
			children = (
				40FC9C0A1AE17829000E90DB /* Info.plist */,
			);
			name = "Supporting Files";
			sourceTree = "<group>";
		};
		40FC9C1E1AE1782A000E90DB /* Aiami-GarciaTests */ = {
			isa = PBXGroup;
			children = (
				40FC9C211AE1782A000E90DB /* Aiami_GarciaTests.swift */,
				40FC9C1F1AE1782A000E90DB /* Supporting Files */,
			);
			path = "Aiami-GarciaTests";
			sourceTree = "<group>";
		};
		40FC9C1F1AE1782A000E90DB /* Supporting Files */ = {
			isa = PBXGroup;
			children = (
				40FC9C201AE1782A000E90DB /* Info.plist */,
			);
			name = "Supporting Files";
			sourceTree = "<group>";
		};
/* End PBXGroup section */

/* Begin PBXNativeTarget section */
		40FC9C051AE17829000E90DB /* Aiami-Garcia */ = {
			isa = PBXNativeTarget;
			buildConfigurationList = 40FC9C251AE1782A000E90DB /* Build configuration list for PBXNativeTarget "Aiami-Garcia" */;
			buildPhases = (
				40FC9C021AE17829000E90DB /* Sources */,
				40FC9C031AE17829000E90DB /* Frameworks */,
				40FC9C041AE17829000E90DB /* Resources */,
			);
			buildRules = (
			);
			dependencies = (
			);
			name = "Aiami-Garcia";
			productName = "Aiami-Garcia";
			productReference = 40FC9C061AE17829000E90DB /* Aiami-Garcia.app */;
			productType = "com.apple.product-type.application";
		};
		40FC9C1A1AE1782A000E90DB /* Aiami-GarciaTests */ = {
			isa = PBXNativeTarget;
			buildConfigurationList = 40FC9C281AE1782A000E90DB /* Build configuration list for PBXNativeTarget "Aiami-GarciaTests" */;
			buildPhases = (
				40FC9C171AE1782A000E90DB /* Sources */,
				40FC9C181AE1782A000E90DB /* Frameworks */,
				40FC9C191AE1782A000E90DB /* Resources */,
			);
			buildRules = (
			);
			dependencies = (
				40FC9C1D1AE1782A000E90DB /* PBXTargetDependency */,
			);
			name = "Aiami-GarciaTests";
			productName = "Aiami-GarciaTests";
			productReference = 40FC9C1B1AE1782A000E90DB /* Aiami-GarciaTests.xctest */;
			productType = "com.apple.product-type.bundle.unit-test";
		};
/* End PBXNativeTarget section */

/* Begin PBXProject section */
		40FC9BFE1AE17829000E90DB /* Project object */ = {
			isa = PBXProject;
			attributes = {
				LastUpgradeCheck = 0630;
				ORGANIZATIONNAME = "Ami Garcia";
				TargetAttributes = {
					40FC9C051AE17829000E90DB = {
						CreatedOnToolsVersion = 6.3;
					};
					40FC9C1A1AE1782A000E90DB = {
						CreatedOnToolsVersion = 6.3;
						TestTargetID = 40FC9C051AE17829000E90DB;
					};
				};
			};
			buildConfigurationList = 40FC9C011AE17829000E90DB /* Build configuration list for PBXProject "Aiami-Garcia" */;
			compatibilityVersion = "Xcode 3.2";
			developmentRegion = English;
			hasScannedForEncodings = 0;
			knownRegions = (
				en,
				Base,
			);
			mainGroup = 40FC9BFD1AE17829000E90DB;
			productRefGroup = 40FC9C071AE17829000E90DB /* Products */;
			projectDirPath = "";
			projectRoot = "";
			targets = (
				40FC9C051AE17829000E90DB /* Aiami-Garcia */,
				40FC9C1A1AE1782A000E90DB /* Aiami-GarciaTests */,
			);
		};
/* End PBXProject section */

/* Begin PBXResourcesBuildPhase section */
		40FC9C041AE17829000E90DB /* Resources */ = {
			isa = PBXResourcesBuildPhase;
			buildActionMask = 2147483647;
			files = (
				40FC9C111AE17829000E90DB /* Main.storyboard in Resources */,
				40FC9C161AE17829000E90DB /* LaunchScreen.xib in Resources */,
				40FC9C131AE17829000E90DB /* Images.xcassets in Resources */,
			);
			runOnlyForDeploymentPostprocessing = 0;
		};
		40FC9C191AE1782A000E90DB /* Resources */ = {
			isa = PBXResourcesBuildPhase;
			buildActionMask = 2147483647;
			files = (
			);
			runOnlyForDeploymentPostprocessing = 0;
		};
/* End PBXResourcesBuildPhase section */

/* Begin PBXSourcesBuildPhase section */
		40FC9C021AE17829000E90DB /* Sources */ = {
			isa = PBXSourcesBuildPhase;
			buildActionMask = 2147483647;
			files = (
				40FC9C0E1AE17829000E90DB /* ViewController.swift in Sources */,
				40FC9C0C1AE17829000E90DB /* AppDelegate.swift in Sources */,
			);
			runOnlyForDeploymentPostprocessing = 0;
		};
		40FC9C171AE1782A000E90DB /* Sources */ = {
			isa = PBXSourcesBuildPhase;
			buildActionMask = 2147483647;
			files = (
				40FC9C221AE1782A000E90DB /* Aiami_GarciaTests.swift in Sources */,
			);
			runOnlyForDeploymentPostprocessing = 0;
		};
/* End PBXSourcesBuildPhase section */

/* Begin PBXTargetDependency section */
		40FC9C1D1AE1782A000E90DB /* PBXTargetDependency */ = {
			isa = PBXTargetDependency;
			target = 40FC9C051AE17829000E90DB /* Aiami-Garcia */;
			targetProxy = 40FC9C1C1AE1782A000E90DB /* PBXContainerItemProxy */;
		};
/* End PBXTargetDependency section */

/* Begin PBXVariantGroup section */
		40FC9C0F1AE17829000E90DB /* Main.storyboard */ = {
			isa = PBXVariantGroup;
			children = (
				40FC9C101AE17829000E90DB /* Base */,
			);
			name = Main.storyboard;
			sourceTree = "<group>";
		};
		40FC9C141AE17829000E90DB /* LaunchScreen.xib */ = {
			isa = PBXVariantGroup;
			children = (
				40FC9C151AE17829000E90DB /* Base */,
			);
			name = LaunchScreen.xib;
			sourceTree = "<group>";
		};
/* End PBXVariantGroup section */

/* Begin XCBuildConfiguration section */
		40FC9C231AE1782A000E90DB /* Debug */ = {
			isa = XCBuildConfiguration;
			buildSettings = {
				ALWAYS_SEARCH_USER_PATHS = NO;
				CLANG_CXX_LANGUAGE_STANDARD = "gnu++0x";
				CLANG_CXX_LIBRARY = "libc++";
				CLANG_ENABLE_MODULES = YES;
				CLANG_ENABLE_OBJC_ARC = YES;
				CLANG_WARN_BOOL_CONVERSION = YES;
				CLANG_WARN_CONSTANT_CONVERSION = YES;
				CLANG_WARN_DIRECT_OBJC_ISA_USAGE = YES_ERROR;
				CLANG_WARN_EMPTY_BODY = YES;
				CLANG_WARN_ENUM_CONVERSION = YES;
				CLANG_WARN_INT_CONVERSION = YES;
				CLANG_WARN_OBJC_ROOT_CLASS = YES_ERROR;
				CLANG_WARN_UNREACHABLE_CODE = YES;
				CLANG_WARN__DUPLICATE_METHOD_MATCH = YES;
				"CODE_SIGN_IDENTITY[sdk=iphoneos*]" = "iPhone Developer";
				COPY_PHASE_STRIP = NO;
				DEBUG_INFORMATION_FORMAT = "dwarf-with-dsym";
				ENABLE_STRICT_OBJC_MSGSEND = YES;
				GCC_C_LANGUAGE_STANDARD = gnu99;
				GCC_DYNAMIC_NO_PIC = NO;
				GCC_NO_COMMON_BLOCKS = YES;
				GCC_OPTIMIZATION_LEVEL = 0;
				GCC_PREPROCESSOR_DEFINITIONS = (
					"DEBUG=1",
					"$(inherited)",
				);
				GCC_SYMBOLS_PRIVATE_EXTERN = NO;
				GCC_WARN_64_TO_32_BIT_CONVERSION = YES;
				GCC_WARN_ABOUT_RETURN_TYPE = YES_ERROR;
				GCC_WARN_UNDECLARED_SELECTOR = YES;
				GCC_WARN_UNINITIALIZED_AUTOS = YES_AGGRESSIVE;
				GCC_WARN_UNUSED_FUNCTION = YES;
				GCC_WARN_UNUSED_VARIABLE = YES;
				IPHONEOS_DEPLOYMENT_TARGET = 8.3;
				MTL_ENABLE_DEBUG_INFO = YES;
				ONLY_ACTIVE_ARCH = YES;
				SDKROOT = iphoneos;
				SWIFT_OPTIMIZATION_LEVEL = "-Onone";
			};
			name = Debug;
		};
		40FC9C241AE1782A000E90DB /* Release */ = {
			isa = XCBuildConfiguration;
			buildSettings = {
				ALWAYS_SEARCH_USER_PATHS = NO;
				CLANG_CXX_LANGUAGE_STANDARD = "gnu++0x";
				CLANG_CXX_LIBRARY = "libc++";
				CLANG_ENABLE_MODULES = YES;
				CLANG_ENABLE_OBJC_ARC = YES;
				CLANG_WARN_BOOL_CONVERSION = YES;
				CLANG_WARN_CONSTANT_CONVERSION = YES;
				CLANG_WARN_DIRECT_OBJC_ISA_USAGE = YES_ERROR;
				CLANG_WARN_EMPTY_BODY = YES;
				CLANG_WARN_ENUM_CONVERSION = YES;
				CLANG_WARN_INT_CONVERSION = YES;
				CLANG_WARN_OBJC_ROOT_CLASS = YES_ERROR;
				CLANG_WARN_UNREACHABLE_CODE = YES;
				CLANG_WARN__DUPLICATE_METHOD_MATCH = YES;
				"CODE_SIGN_IDENTITY[sdk=iphoneos*]" = "iPhone Developer";
				COPY_PHASE_STRIP = NO;
				DEBUG_INFORMATION_FORMAT = "dwarf-with-dsym";
				ENABLE_NS_ASSERTIONS = NO;
				ENABLE_STRICT_OBJC_MSGSEND = YES;
				GCC_C_LANGUAGE_STANDARD = gnu99;
				GCC_NO_COMMON_BLOCKS = YES;
				GCC_WARN_64_TO_32_BIT_CONVERSION = YES;
				GCC_WARN_ABOUT_RETURN_TYPE = YES_ERROR;
				GCC_WARN_UNDECLARED_SELECTOR = YES;
				GCC_WARN_UNINITIALIZED_AUTOS = YES_AGGRESSIVE;
				GCC_WARN_UNUSED_FUNCTION = YES;
				GCC_WARN_UNUSED_VARIABLE = YES;
				IPHONEOS_DEPLOYMENT_TARGET = 8.3;
				MTL_ENABLE_DEBUG_INFO = NO;
				SDKROOT = iphoneos;
				VALIDATE_PRODUCT = YES;
			};
			name = Release;
		};
		40FC9C261AE1782A000E90DB /* Debug */ = {
			isa = XCBuildConfiguration;
			buildSettings = {
				ASSETCATALOG_COMPILER_APPICON_NAME = AppIcon;
				INFOPLIST_FILE = "Aiami-Garcia/Info.plist";
				LD_RUNPATH_SEARCH_PATHS = "$(inherited) @executable_path/Frameworks";
				PRODUCT_NAME = "$(TARGET_NAME)";
			};
			name = Debug;
		};
		40FC9C271AE1782A000E90DB /* Release */ = {
			isa = XCBuildConfiguration;
			buildSettings = {
				ASSETCATALOG_COMPILER_APPICON_NAME = AppIcon;
				INFOPLIST_FILE = "Aiami-Garcia/Info.plist";
				LD_RUNPATH_SEARCH_PATHS = "$(inherited) @executable_path/Frameworks";
				PRODUCT_NAME = "$(TARGET_NAME)";
			};
			name = Release;
		};
		40FC9C291AE1782A000E90DB /* Debug */ = {
			isa = XCBuildConfiguration;
			buildSettings = {
				BUNDLE_LOADER = "$(TEST_HOST)";
				FRAMEWORK_SEARCH_PATHS = (
					"$(SDKROOT)/Developer/Library/Frameworks",
					"$(inherited)",
				);
				GCC_PREPROCESSOR_DEFINITIONS = (
					"DEBUG=1",
					"$(inherited)",
				);
				INFOPLIST_FILE = "Aiami-GarciaTests/Info.plist";
				LD_RUNPATH_SEARCH_PATHS = "$(inherited) @executable_path/Frameworks @loader_path/Frameworks";
				PRODUCT_NAME = "$(TARGET_NAME)";
				TEST_HOST = "$(BUILT_PRODUCTS_DIR)/Aiami-Garcia.app/Aiami-Garcia";
			};
			name = Debug;
		};
		40FC9C2A1AE1782A000E90DB /* Release */ = {
			isa = XCBuildConfiguration;
			buildSettings = {
				BUNDLE_LOADER = "$(TEST_HOST)";
				FRAMEWORK_SEARCH_PATHS = (
					"$(SDKROOT)/Developer/Library/Frameworks",
					"$(inherited)",
				);
				INFOPLIST_FILE = "Aiami-GarciaTests/Info.plist";
				LD_RUNPATH_SEARCH_PATHS = "$(inherited) @executable_path/Frameworks @loader_path/Frameworks";
				PRODUCT_NAME = "$(TARGET_NAME)";
				TEST_HOST = "$(BUILT_PRODUCTS_DIR)/Aiami-Garcia.app/Aiami-Garcia";
			};
			name = Release;
		};
/* End XCBuildConfiguration section */

/* Begin XCConfigurationList section */
		40FC9C011AE17829000E90DB /* Build configuration list for PBXProject "Aiami-Garcia" */ = {
			isa = XCConfigurationList;
			buildConfigurations = (
				40FC9C231AE1782A000E90DB /* Debug */,
				40FC9C241AE1782A000E90DB /* Release */,
			);
			defaultConfigurationIsVisible = 0;
			defaultConfigurationName = Release;
		};
		40FC9C251AE1782A000E90DB /* Build configuration list for PBXNativeTarget "Aiami-Garcia" */ = {
			isa = XCConfigurationList;
			buildConfigurations = (
				40FC9C261AE1782A000E90DB /* Debug */,
				40FC9C271AE1782A000E90DB /* Release */,
			);
			defaultConfigurationIsVisible = 0;
		};
		40FC9C281AE1782A000E90DB /* Build configuration list for PBXNativeTarget "Aiami-GarciaTests" */ = {
			isa = XCConfigurationList;
			buildConfigurations = (
				40FC9C291AE1782A000E90DB /* Debug */,
				40FC9C2A1AE1782A000E90DB /* Release */,
			);
			defaultConfigurationIsVisible = 0;
		};
/* End XCConfigurationList section */
	};
	rootObject = 40FC9BFE1AE17829000E90DB /* Project object */;
}
